
Microsoft Visual Studio Solution File, Format Version 12.00
# Visual Studio Version 17
VisualStudioVersion = 17.2.32602.215
MinimumVisualStudioVersion = 10.0.40219.1
Project("{9A19103F-16F7-4668-BE54-9A1E7A4F7556}") = "Pokedex-Frontend", "Pokedex-Frontend\Pokedex-Frontend.csproj", "{CA9D6271-0A84-4755-B013-4C65058A89CF}"
EndProject
Global
	GlobalSection(SolutionConfigurationPlatforms) = preSolution
		Debug|Any CPU = Debug|Any CPU
		Release|Any CPU = Release|Any CPU
	EndGlobalSection
	GlobalSection(ProjectConfigurationPlatforms) = postSolution
		{CA9D6271-0A84-4755-B013-4C65058A89CF}.Debug|Any CPU.ActiveCfg = Debug|Any CPU
		{CA9D6271-0A84-4755-B013-4C65058A89CF}.Debug|Any CPU.Build.0 = Debug|Any CPU
		{CA9D6271-0A84-4755-B013-4C65058A89CF}.Release|Any CPU.ActiveCfg = Release|Any CPU
		{CA9D6271-0A84-4755-B013-4C65058A89CF}.Release|Any CPU.Build.0 = Release|Any CPU
	EndGlobalSection
	GlobalSection(SolutionProperties) = preSolution
		HideSolutionNode = FALSE
	EndGlobalSection
	GlobalSection(ExtensibilityGlobals) = postSolution
		SolutionGuid = {90A71FAF-6F41-4040-BDA6-72DA9C2C17AB}
	EndGlobalSection
EndGlobal
